Microsoft Visual Studio Solution File, Format Version 12.00
# Visual Studio Version 17
VisualStudioVersion = 17.5.2.0
MinimumVisualStudioVersion = 10.0.40219.1
Project("{FAE04EC0-301F-11D3-BF4B-00C04F79EFBC}") = "AtividadeAziz1", "AtividadeAziz1.csproj", "{BC712128-0A73-B4AC-E12B-C7EEDDE81BF6}"
EndProject
Global
	GlobalSection(SolutionConfigurationPlatforms) = preSolution
		Debug|Any CPU = Debug|Any CPU
		Release|Any CPU = Release|Any CPU
	EndGlobalSection
	GlobalSection(ProjectConfigurationPlatforms) = postSolution
		{BC712128-0A73-B4AC-E12B-C7EEDDE81BF6}.Debug|Any CPU.ActiveCfg = Debug|Any CPU
		{BC712128-0A73-B4AC-E12B-C7EEDDE81BF6}.Debug|Any CPU.Build.0 = Debug|Any CPU
		{BC712128-0A73-B4AC-E12B-C7EEDDE81BF6}.Release|Any CPU.ActiveCfg = Release|Any CPU
		{BC712128-0A73-B4AC-E12B-C7EEDDE81BF6}.Release|Any CPU.Build.0 = Release|Any CPU
	EndGlobalSection
	GlobalSection(SolutionProperties) = preSolution
		HideSolutionNode = FALSE
	EndGlobalSection
	GlobalSection(ExtensibilityGlobals) = postSolution
		SolutionGuid = {9A5277DD-847E-4397-BB5A-FD26A569476D}
	EndGlobalSection
EndGlobal
